
Microsoft Visual Studio Solution File, Format Version 12.00
# Visual Studio Version 16
VisualStudioVersion = 16.0.29613.14
MinimumVisualStudioVersion = 10.0.40219.1
Project("{FAE04EC0-301F-11D3-BF4B-00C04F79EFBC}") = "YAML Pipeline Web App", "YAML Pipeline Web App\YAML Pipeline Web App.csproj", "{0843A4CD-22FB-461C-AF19-03C2CCD78181}"
EndProject
Global
	GlobalSection(SolutionConfigurationPlatforms) = preSolution
		Debug|Any CPU = Debug|Any CPU
		Release|Any CPU = Release|Any CPU
	EndGlobalSection
	GlobalSection(ProjectConfigurationPlatforms) = postSolution
		{0843A4CD-22FB-461C-AF19-03C2CCD78181}.Debug|Any CPU.ActiveCfg = Debug|Any CPU
		{0843A4CD-22FB-461C-AF19-03C2CCD78181}.Debug|Any CPU.Build.0 = Debug|Any CPU
		{0843A4CD-22FB-461C-AF19-03C2CCD78181}.Release|Any CPU.ActiveCfg = Release|Any CPU
		{0843A4CD-22FB-461C-AF19-03C2CCD78181}.Release|Any CPU.Build.0 = Release|Any CPU
	EndGlobalSection
	GlobalSection(SolutionProperties) = preSolution
		HideSolutionNode = FALSE
	EndGlobalSection
	GlobalSection(ExtensibilityGlobals) = postSolution
		SolutionGuid = {0464E804-732B-411B-86A5-192DAA4573CC}
	EndGlobalSection
EndGlobal
